# THIS IS AN AUTOGENERATED FILE. DO NOT EDIT THIS FILE DIRECTLY.
# yarn lockfile v1


fsevents@~2.3.2:
  version "2.3.2"
  resolved "https://registry.npmjs.org/fsevents/-/fsevents-2.3.2.tgz#8a526f78b8fdf4623b709e0b975c52c24c02fd1a"
  integrity sha512-xiqMQR4xAeHTuB9uWm+fFRcIOgKBMiOBP+eXiyT7jsgVCq1bkVygt00oASowB7EdtpOHaaPgKt812P9ab+DDKA==

ject@^1.1.0:
  version "1.1.0"
  resolved "https://registry.npmjs.org/ject/-/ject-1.1.0.tgz#190e795753b2c91126ae888e5efa169ac6dac2ea"
  integrity sha1-GQ55V1OyyREmroiOXvoWmsbawuo=

rollup@^2.64.0:
  version "2.64.0"
  resolved "https://registry.npmjs.org/rollup/-/rollup-2.64.0.tgz#f0f59774e21fbb56de438a37d06a2189632b207a"
  integrity sha512-+c+lbw1lexBKSMb1yxGDVfJ+vchJH3qLbmavR+awDinTDA2C5Ug9u7lkOzj62SCu0PKUExsW36tpgW7Fmpn3yQ==
  optionalDependencies:
    fsevents "~2.3.2"
